{
    "version": 3,
    "terraform_version": "0.11.14",
    "serial": 8,
    "lineage": "9ff0225a-a253-40ba-f21f-84aa138aefee",
    "modules": [
        {
            "path": [
                "root"
            ],
            "outputs": {
                "dns-srv-nginx": {
                    "sensitive": false,
                    "type": "string",
                    "value": "ec2-174-129-107-108.compute-1.amazonaws.com"
                },
                "dns-srv-tomcat": {
                    "sensitive": false,
                    "type": "string",
                    "value": "ec2-3-83-246-198.compute-1.amazonaws.com"
                },
                "ip-srv-nginx": {
                    "sensitive": false,
                    "type": "string",
                    "value": "174.129.107.108"
                },
                "ip-srv-tomcat": {
                    "sensitive": false,
                    "type": "string",
                    "value": "3.83.246.198"
                }
            },
            "resources": {
                "aws_alb.alb_default": {
                    "type": "aws_alb",
                    "depends_on": [
                        "aws_security_group.default_ca",
                        "data.aws_subnet_ids.all"
                    ],
                    "primary": {
                        "id": "arn:aws:elasticloadbalancing:us-east-1:922036472767:loadbalancer/app/alb-default/748c8e147a041d17",
                        "attributes": {
                            "access_logs.#": "1",
                            "access_logs.0.bucket": "",
                            "access_logs.0.enabled": "false",
                            "access_logs.0.prefix": "",
                            "arn": "arn:aws:elasticloadbalancing:us-east-1:922036472767:loadbalancer/app/alb-default/748c8e147a041d17",
                            "arn_suffix": "app/alb-default/748c8e147a041d17",
                            "dns_name": "alb-default-608013686.us-east-1.elb.amazonaws.com",
                            "enable_deletion_protection": "false",
                            "enable_http2": "true",
                            "id": "arn:aws:elasticloadbalancing:us-east-1:922036472767:loadbalancer/app/alb-default/748c8e147a041d17",
                            "idle_timeout": "60",
                            "internal": "false",
                            "ip_address_type": "ipv4",
                            "load_balancer_type": "application",
                            "name": "alb-default",
                            "security_groups.#": "1",
                            "security_groups.1630622119": "sg-0ad81f5a295c051ac",
                            "subnet_mapping.#": "6",
                            "subnet_mapping.2089279108.allocation_id": "",
                            "subnet_mapping.2089279108.subnet_id": "subnet-f79215c9",
                            "subnet_mapping.2293334919.allocation_id": "",
                            "subnet_mapping.2293334919.subnet_id": "subnet-c36c6f89",
                            "subnet_mapping.3555232772.allocation_id": "",
                            "subnet_mapping.3555232772.subnet_id": "subnet-a2136ffe",
                            "subnet_mapping.38969372.allocation_id": "",
                            "subnet_mapping.38969372.subnet_id": "subnet-810e70af",
                            "subnet_mapping.674998487.allocation_id": "",
                            "subnet_mapping.674998487.subnet_id": "subnet-9252679d",
                            "subnet_mapping.951766905.allocation_id": "",
                            "subnet_mapping.951766905.subnet_id": "subnet-c93e4dae",
                            "subnets.#": "6",
                            "subnets.1415267269": "subnet-f79215c9",
                            "subnets.1835519401": "subnet-c93e4dae",
                            "subnets.3065188819": "subnet-c36c6f89",
                            "subnets.811165384": "subnet-810e70af",
                            "subnets.823299948": "subnet-a2136ffe",
                            "subnets.913979699": "subnet-9252679d",
                            "tags.%": "0",
                            "vpc_id": "vpc-870985fd",
                            "zone_id": "Z35SXDOTRQ7X7K"
                        },
                        "meta": {
                            "e2bfb730-ecaa-11e6-8f88-34363bc7c4c0": {
                                "create": 600000000000,
                                "delete": 600000000000,
                                "update": 600000000000
                            }
                        },
                        "tainted": false
                    },
                    "deposed": [],
                    "provider": "provider.aws"
                },
                "aws_alb_listener.alb_listener": {
                    "type": "aws_alb_listener",
                    "depends_on": [
                        "aws_alb.alb_default",
                        "aws_alb_target_group.alb_target_group"
                    ],
                    "primary": {
                        "id": "arn:aws:elasticloadbalancing:us-east-1:922036472767:listener/app/alb-default/748c8e147a041d17/5cd9223b775c79e9",
                        "attributes": {
                            "arn": "arn:aws:elasticloadbalancing:us-east-1:922036472767:listener/app/alb-default/748c8e147a041d17/5cd9223b775c79e9",
                            "default_action.#": "1",
                            "default_action.0.authenticate_cognito.#": "0",
                            "default_action.0.authenticate_oidc.#": "0",
                            "default_action.0.fixed_response.#": "0",
                            "default_action.0.order": "1",
                            "default_action.0.redirect.#": "0",
                            "default_action.0.target_group_arn": "arn:aws:elasticloadbalancing:us-east-1:922036472767:targetgroup/tf-20190704173604372100000001/e83af09b9bca6b14",
                            "default_action.0.type": "forward",
                            "id": "arn:aws:elasticloadbalancing:us-east-1:922036472767:listener/app/alb-default/748c8e147a041d17/5cd9223b775c79e9",
                            "load_balancer_arn": "arn:aws:elasticloadbalancing:us-east-1:922036472767:loadbalancer/app/alb-default/748c8e147a041d17",
                            "port": "80",
                            "protocol": "HTTP",
                            "ssl_policy": ""
                        },
                        "meta": {
                            "e2bfb730-ecaa-11e6-8f88-34363bc7c4c0": {
                                "read": 600000000000
                            }
                        },
                        "tainted": false
                    },
                    "deposed": [],
                    "provider": "provider.aws"
                },
                "aws_alb_target_group.alb_target_group": {
                    "type": "aws_alb_target_group",
                    "depends_on": [
                        "aws_default_vpc.default"
                    ],
                    "primary": {
                        "id": "arn:aws:elasticloadbalancing:us-east-1:922036472767:targetgroup/tf-20190704173604372100000001/e83af09b9bca6b14",
                        "attributes": {
                            "arn": "arn:aws:elasticloadbalancing:us-east-1:922036472767:targetgroup/tf-20190704173604372100000001/e83af09b9bca6b14",
                            "arn_suffix": "targetgroup/tf-20190704173604372100000001/e83af09b9bca6b14",
                            "deregistration_delay": "300",
                            "health_check.#": "1",
                            "health_check.0.enabled": "true",
                            "health_check.0.healthy_threshold": "5",
                            "health_check.0.interval": "30",
                            "health_check.0.matcher": "200",
                            "health_check.0.path": "/",
                            "health_check.0.port": "80",
                            "health_check.0.protocol": "HTTP",
                            "health_check.0.timeout": "5",
                            "health_check.0.unhealthy_threshold": "2",
                            "id": "arn:aws:elasticloadbalancing:us-east-1:922036472767:targetgroup/tf-20190704173604372100000001/e83af09b9bca6b14",
                            "lambda_multi_value_headers_enabled": "false",
                            "name": "tf-20190704173604372100000001",
                            "port": "80",
                            "protocol": "HTTP",
                            "proxy_protocol_v2": "false",
                            "slow_start": "0",
                            "stickiness.#": "1",
                            "stickiness.0.cookie_duration": "86400",
                            "stickiness.0.enabled": "false",
                            "stickiness.0.type": "lb_cookie",
                            "tags.%": "0",
                            "target_type": "instance",
                            "vpc_id": "vpc-870985fd"
                        },
                        "meta": {},
                        "tainted": false
                    },
                    "deposed": [],
                    "provider": "provider.aws"
                },
                "aws_alb_target_group_attachment.alb_target_srv_nginx": {
                    "type": "aws_alb_target_group_attachment",
                    "depends_on": [
                        "aws_alb_target_group.alb_target_group",
                        "aws_instance.srv_nginx"
                    ],
                    "primary": {
                        "id": "arn:aws:elasticloadbalancing:us-east-1:922036472767:targetgroup/tf-20190704173604372100000001/e83af09b9bca6b14-20190704173657227000000003",
                        "attributes": {
                            "id": "arn:aws:elasticloadbalancing:us-east-1:922036472767:targetgroup/tf-20190704173604372100000001/e83af09b9bca6b14-20190704173657227000000003",
                            "port": "8080",
                            "target_group_arn": "arn:aws:elasticloadbalancing:us-east-1:922036472767:targetgroup/tf-20190704173604372100000001/e83af09b9bca6b14",
                            "target_id": "i-0fecedd2c3b71031d"
                        },
                        "meta": {},
                        "tainted": false
                    },
                    "deposed": [],
                    "provider": "provider.aws"
                },
                "aws_alb_target_group_attachment.alb_target_srv_tomcat": {
                    "type": "aws_alb_target_group_attachment",
                    "depends_on": [
                        "aws_alb_target_group.alb_target_group",
                        "aws_instance.srv_tomcat"
                    ],
                    "primary": {
                        "id": "arn:aws:elasticloadbalancing:us-east-1:922036472767:targetgroup/tf-20190704173604372100000001/e83af09b9bca6b14-20190704173646439600000002",
                        "attributes": {
                            "id": "arn:aws:elasticloadbalancing:us-east-1:922036472767:targetgroup/tf-20190704173604372100000001/e83af09b9bca6b14-20190704173646439600000002",
                            "port": "80",
                            "target_group_arn": "arn:aws:elasticloadbalancing:us-east-1:922036472767:targetgroup/tf-20190704173604372100000001/e83af09b9bca6b14",
                            "target_id": "i-0f33999b565b796bf"
                        },
                        "meta": {},
                        "tainted": false
                    },
                    "deposed": [],
                    "provider": "provider.aws"
                },
                "aws_default_vpc.default": {
                    "type": "aws_default_vpc",
                    "depends_on": [],
                    "primary": {
                        "id": "vpc-870985fd",
                        "attributes": {
                            "arn": "arn:aws:ec2:us-east-1:922036472767:vpc/vpc-870985fd",
                            "assign_generated_ipv6_cidr_block": "false",
                            "cidr_block": "172.31.0.0/16",
                            "default_network_acl_id": "acl-2c7e8951",
                            "default_route_table_id": "rtb-9bf0fbe4",
                            "default_security_group_id": "sg-221f7465",
                            "dhcp_options_id": "dopt-f8cbe283",
                            "enable_classiclink": "false",
                            "enable_classiclink_dns_support": "false",
                            "enable_dns_hostnames": "true",
                            "enable_dns_support": "true",
                            "id": "vpc-870985fd",
                            "instance_tenancy": "default",
                            "ipv6_association_id": "",
                            "ipv6_cidr_block": "",
                            "main_route_table_id": "rtb-9bf0fbe4",
                            "owner_id": "922036472767",
                            "tags.%": "1",
                            "tags.Name": "Default VPC"
                        },
                        "meta": {
                            "schema_version": "1"
                        },
                        "tainted": false
                    },
                    "deposed": [],
                    "provider": "provider.aws"
                },
                "aws_instance.srv_nginx": {
                    "type": "aws_instance",
                    "depends_on": [
                        "aws_security_group.sg_instance"
                    ],
                    "primary": {
                        "id": "i-0fecedd2c3b71031d",
                        "attributes": {
                            "ami": "ami-0b34567fc2d4a7e3a",
                            "arn": "arn:aws:ec2:us-east-1:922036472767:instance/i-0fecedd2c3b71031d",
                            "associate_public_ip_address": "true",
                            "availability_zone": "us-east-1c",
                            "cpu_core_count": "1",
                            "cpu_threads_per_core": "1",
                            "credit_specification.#": "1",
                            "credit_specification.0.cpu_credits": "standard",
                            "disable_api_termination": "false",
                            "ebs_block_device.#": "0",
                            "ebs_optimized": "false",
                            "ephemeral_block_device.#": "0",
                            "get_password_data": "false",
                            "iam_instance_profile": "",
                            "id": "i-0fecedd2c3b71031d",
                            "instance_state": "running",
                            "instance_type": "t2.micro",
                            "ipv6_address_count": "0",
                            "ipv6_addresses.#": "0",
                            "key_name": "",
                            "monitoring": "false",
                            "network_interface.#": "0",
                            "password_data": "",
                            "placement_group": "",
                            "primary_network_interface_id": "eni-002df1b24b4629390",
                            "private_dns": "ip-172-31-95-240.ec2.internal",
                            "private_ip": "172.31.95.240",
                            "public_dns": "ec2-174-129-107-108.compute-1.amazonaws.com",
                            "public_ip": "174.129.107.108",
                            "root_block_device.#": "1",
                            "root_block_device.0.delete_on_termination": "true",
                            "root_block_device.0.iops": "100",
                            "root_block_device.0.volume_id": "vol-015f56a21acfa5a41",
                            "root_block_device.0.volume_size": "8",
                            "root_block_device.0.volume_type": "gp2",
                            "security_groups.#": "1",
                            "security_groups.3045423623": "sg_instance",
                            "source_dest_check": "true",
                            "subnet_id": "subnet-810e70af",
                            "tags.%": "1",
                            "tags.Name": "srv-nginx",
                            "tenancy": "default",
                            "volume_tags.%": "0",
                            "vpc_security_group_ids.#": "1",
                            "vpc_security_group_ids.3062566309": "sg-08849bcf8690b62bf"
                        },
                        "meta": {
                            "e2bfb730-ecaa-11e6-8f88-34363bc7c4c0": {
                                "create": 600000000000,
                                "delete": 1200000000000,
                                "update": 600000000000
                            },
                            "schema_version": "1"
                        },
                        "tainted": false
                    },
                    "deposed": [],
                    "provider": "provider.aws"
                },
                "aws_instance.srv_tomcat": {
                    "type": "aws_instance",
                    "depends_on": [
                        "aws_security_group.sg_instance"
                    ],
                    "primary": {
                        "id": "i-0f33999b565b796bf",
                        "attributes": {
                            "ami": "ami-0b898040803850657",
                            "arn": "arn:aws:ec2:us-east-1:922036472767:instance/i-0f33999b565b796bf",
                            "associate_public_ip_address": "true",
                            "availability_zone": "us-east-1c",
                            "cpu_core_count": "1",
                            "cpu_threads_per_core": "1",
                            "credit_specification.#": "1",
                            "credit_specification.0.cpu_credits": "standard",
                            "disable_api_termination": "false",
                            "ebs_block_device.#": "0",
                            "ebs_optimized": "false",
                            "ephemeral_block_device.#": "0",
                            "get_password_data": "false",
                            "iam_instance_profile": "",
                            "id": "i-0f33999b565b796bf",
                            "instance_state": "running",
                            "instance_type": "t2.micro",
                            "ipv6_address_count": "0",
                            "ipv6_addresses.#": "0",
                            "key_name": "",
                            "monitoring": "false",
                            "network_interface.#": "0",
                            "password_data": "",
                            "placement_group": "",
                            "primary_network_interface_id": "eni-0046de4aab0018db4",
                            "private_dns": "ip-172-31-85-67.ec2.internal",
                            "private_ip": "172.31.85.67",
                            "public_dns": "ec2-3-83-246-198.compute-1.amazonaws.com",
                            "public_ip": "3.83.246.198",
                            "root_block_device.#": "1",
                            "root_block_device.0.delete_on_termination": "true",
                            "root_block_device.0.iops": "100",
                            "root_block_device.0.volume_id": "vol-055db818b3433d56e",
                            "root_block_device.0.volume_size": "8",
                            "root_block_device.0.volume_type": "gp2",
                            "security_groups.#": "1",
                            "security_groups.3045423623": "sg_instance",
                            "source_dest_check": "true",
                            "subnet_id": "subnet-810e70af",
                            "tags.%": "1",
                            "tags.Name": "srv-tomcat",
                            "tenancy": "default",
                            "user_data": "6310d94390d7aaa6c86396576daa9224a644cc13",
                            "volume_tags.%": "0",
                            "vpc_security_group_ids.#": "1",
                            "vpc_security_group_ids.3062566309": "sg-08849bcf8690b62bf"
                        },
                        "meta": {
                            "e2bfb730-ecaa-11e6-8f88-34363bc7c4c0": {
                                "create": 600000000000,
                                "delete": 1200000000000,
                                "update": 600000000000
                            },
                            "schema_version": "1"
                        },
                        "tainted": false
                    },
                    "deposed": [],
                    "provider": "provider.aws"
                },
                "aws_security_group.default_ca": {
                    "type": "aws_security_group",
                    "depends_on": [
                        "aws_default_vpc.default"
                    ],
                    "primary": {
                        "id": "sg-0ad81f5a295c051ac",
                        "attributes": {
                            "arn": "arn:aws:ec2:us-east-1:922036472767:security-group/sg-0ad81f5a295c051ac",
                            "description": "Managed by Terraform",
                            "egress.#": "1",
                            "egress.482069346.cidr_blocks.#": "1",
                            "egress.482069346.cidr_blocks.0": "0.0.0.0/0",
                            "egress.482069346.description": "",
                            "egress.482069346.from_port": "0",
                            "egress.482069346.ipv6_cidr_blocks.#": "0",
                            "egress.482069346.prefix_list_ids.#": "0",
                            "egress.482069346.protocol": "-1",
                            "egress.482069346.security_groups.#": "0",
                            "egress.482069346.self": "false",
                            "egress.482069346.to_port": "0",
                            "id": "sg-0ad81f5a295c051ac",
                            "ingress.#": "1",
                            "ingress.2214680975.cidr_blocks.#": "1",
                            "ingress.2214680975.cidr_blocks.0": "0.0.0.0/0",
                            "ingress.2214680975.description": "",
                            "ingress.2214680975.from_port": "80",
                            "ingress.2214680975.ipv6_cidr_blocks.#": "0",
                            "ingress.2214680975.prefix_list_ids.#": "0",
                            "ingress.2214680975.protocol": "tcp",
                            "ingress.2214680975.security_groups.#": "0",
                            "ingress.2214680975.self": "false",
                            "ingress.2214680975.to_port": "80",
                            "name": "default_ca",
                            "owner_id": "922036472767",
                            "revoke_rules_on_delete": "false",
                            "tags.%": "0",
                            "vpc_id": "vpc-870985fd"
                        },
                        "meta": {
                            "e2bfb730-ecaa-11e6-8f88-34363bc7c4c0": {
                                "create": 600000000000,
                                "delete": 600000000000
                            },
                            "schema_version": "1"
                        },
                        "tainted": false
                    },
                    "deposed": [],
                    "provider": "provider.aws"
                },
                "aws_security_group.sg_instance": {
                    "type": "aws_security_group",
                    "depends_on": [
                        "aws_default_vpc.default",
                        "aws_security_group.default_ca"
                    ],
                    "primary": {
                        "id": "sg-08849bcf8690b62bf",
                        "attributes": {
                            "arn": "arn:aws:ec2:us-east-1:922036472767:security-group/sg-08849bcf8690b62bf",
                            "description": "Managed by Terraform",
                            "egress.#": "1",
                            "egress.482069346.cidr_blocks.#": "1",
                            "egress.482069346.cidr_blocks.0": "0.0.0.0/0",
                            "egress.482069346.description": "",
                            "egress.482069346.from_port": "0",
                            "egress.482069346.ipv6_cidr_blocks.#": "0",
                            "egress.482069346.prefix_list_ids.#": "0",
                            "egress.482069346.protocol": "-1",
                            "egress.482069346.security_groups.#": "0",
                            "egress.482069346.self": "false",
                            "egress.482069346.to_port": "0",
                            "id": "sg-08849bcf8690b62bf",
                            "ingress.#": "2",
                            "ingress.2214680975.cidr_blocks.#": "1",
                            "ingress.2214680975.cidr_blocks.0": "0.0.0.0/0",
                            "ingress.2214680975.description": "",
                            "ingress.2214680975.from_port": "80",
                            "ingress.2214680975.ipv6_cidr_blocks.#": "0",
                            "ingress.2214680975.prefix_list_ids.#": "0",
                            "ingress.2214680975.protocol": "tcp",
                            "ingress.2214680975.security_groups.#": "0",
                            "ingress.2214680975.self": "false",
                            "ingress.2214680975.to_port": "80",
                            "ingress.3124817683.cidr_blocks.#": "1",
                            "ingress.3124817683.cidr_blocks.0": "0.0.0.0/0",
                            "ingress.3124817683.description": "",
                            "ingress.3124817683.from_port": "32768",
                            "ingress.3124817683.ipv6_cidr_blocks.#": "0",
                            "ingress.3124817683.prefix_list_ids.#": "0",
                            "ingress.3124817683.protocol": "tcp",
                            "ingress.3124817683.security_groups.#": "1",
                            "ingress.3124817683.security_groups.1630622119": "sg-0ad81f5a295c051ac",
                            "ingress.3124817683.self": "false",
                            "ingress.3124817683.to_port": "61000",
                            "name": "sg_instance",
                            "owner_id": "922036472767",
                            "revoke_rules_on_delete": "false",
                            "tags.%": "0",
                            "vpc_id": "vpc-870985fd"
                        },
                        "meta": {
                            "e2bfb730-ecaa-11e6-8f88-34363bc7c4c0": {
                                "create": 600000000000,
                                "delete": 600000000000
                            },
                            "schema_version": "1"
                        },
                        "tainted": false
                    },
                    "deposed": [],
                    "provider": "provider.aws"
                },
                "data.aws_availability_zones.available": {
                    "type": "aws_availability_zones",
                    "depends_on": [],
                    "primary": {
                        "id": "2019-07-04 17:35:43.5556144 +0000 UTC",
                        "attributes": {
                            "id": "2019-07-04 17:35:43.5556144 +0000 UTC",
                            "names.#": "6",
                            "names.0": "us-east-1a",
                            "names.1": "us-east-1b",
                            "names.2": "us-east-1c",
                            "names.3": "us-east-1d",
                            "names.4": "us-east-1e",
                            "names.5": "us-east-1f",
                            "zone_ids.#": "6",
                            "zone_ids.0": "use1-az6",
                            "zone_ids.1": "use1-az1",
                            "zone_ids.2": "use1-az2",
                            "zone_ids.3": "use1-az4",
                            "zone_ids.4": "use1-az3",
                            "zone_ids.5": "use1-az5"
                        },
                        "meta": {},
                        "tainted": false
                    },
                    "deposed": [],
                    "provider": "provider.aws"
                },
                "data.aws_subnet_ids.all": {
                    "type": "aws_subnet_ids",
                    "depends_on": [
                        "aws_default_vpc.default"
                    ],
                    "primary": {
                        "id": "vpc-870985fd",
                        "attributes": {
                            "id": "vpc-870985fd",
                            "ids.#": "6",
                            "ids.1415267269": "subnet-f79215c9",
                            "ids.1835519401": "subnet-c93e4dae",
                            "ids.3065188819": "subnet-c36c6f89",
                            "ids.811165384": "subnet-810e70af",
                            "ids.823299948": "subnet-a2136ffe",
                            "ids.913979699": "subnet-9252679d",
                            "vpc_id": "vpc-870985fd"
                        },
                        "meta": {},
                        "tainted": false
                    },
                    "deposed": [],
                    "provider": "provider.aws"
                }
            },
            "depends_on": []
        }
    ]
}
